PODS:
  - Capacitor (5.5.0):
    - CapacitorCordova
  - CapacitorCommunityBackgroundGeolocation (0.0.1):
    - Capacitor
  - CapacitorCordova (5.5.0)
  - CapacitorGeolocation (7.1.2):
    - Capacitor
    - IONGeolocationLib (~> 1.0)
  - CapacitorScreenOrientation (7.0.1):
    - Capacitor
  - IONGeolocationLib (1.0.0)

DEPENDENCIES:
  - "Capacitor (from `../../node_modules/@capacitor/ios`)"
  - "CapacitorCommunityBackgroundGeolocation (from `../../node_modules/@capacitor-community/background-geolocation`)"
  - "CapacitorCordova (from `../../node_modules/@capacitor/ios`)"
  - "CapacitorGeolocation (from `../../node_modules/@capacitor/geolocation`)"
  - "CapacitorScreenOrientation (from `../../node_modules/@capacitor/screen-orientation`)"

SPEC REPOS:
  trunk:
    - IONGeolocationLib

EXTERNAL SOURCES:
  Capacitor:
    :path: "../../node_modules/@capacitor/ios"
  CapacitorCommunityBackgroundGeolocation:
    :path: "../../node_modules/@capacitor-community/background-geolocation"
  CapacitorCordova:
    :path: "../../node_modules/@capacitor/ios"
  CapacitorGeolocation:
    :path: "../../node_modules/@capacitor/geolocation"
  CapacitorScreenOrientation:
    :path: "../../node_modules/@capacitor/screen-orientation"

SPEC CHECKSUMS:
  Capacitor: 018b78e70c892da9e2ca16481978c3ce09fa491a
  CapacitorCommunityBackgroundGeolocation: 834a8f8eca8ebada8debffe1236e5674b831cead
  CapacitorCordova: 3d3908a3d208a11a75f9df3b18c4405c4de76e1d
  CapacitorGeolocation: b005744861676af9abd19a0682f0b1af32cc2c99
  CapacitorScreenOrientation: 6d989dff97440c7bfa78deee13952d7fb03c27f3
  IONGeolocationLib: 81f33f88d025846946de2cf63b0c7628e7c6bc9d

PODFILE CHECKSUM: 26509625bc0d106800f83233cc2955098293bf77

COCOAPODS: 1.16.2
